
Microsoft Visual Studio Solution File, Format Version 12.00
# Visual Studio 15
Project("{FAE04EC0-301F-11D3-BF4B-00C04F79EFBC}") = "BankTask", "BankTask\BankTask.csproj", "{05984AE5-E721-415E-9673-D26965D2DD5F}"
EndProject
Project("{FAE04EC0-301F-11D3-BF4B-00C04F79EFBC}") = "ConsoleBankTest", "ConsoleBankTest\ConsoleBankTest.csproj", "{57EACE5C-1D7F-4064-87CC-410AE5B8E75C}"
EndProject
Global
	GlobalSection(SolutionConfigurationPlatforms) = preSolution
		Debug|Any CPU = Debug|Any CPU
		Release|Any CPU = Release|Any CPU
	EndGlobalSection
	GlobalSection(ProjectConfigurationPlatforms) = postSolution
		{05984AE5-E721-415E-9673-D26965D2DD5F}.Debug|Any CPU.ActiveCfg = Debug|Any CPU
		{05984AE5-E721-415E-9673-D26965D2DD5F}.Debug|Any CPU.Build.0 = Debug|Any CPU
		{05984AE5-E721-415E-9673-D26965D2DD5F}.Release|Any CPU.ActiveCfg = Release|Any CPU
		{05984AE5-E721-415E-9673-D26965D2DD5F}.Release|Any CPU.Build.0 = Release|Any CPU
		{57EACE5C-1D7F-4064-87CC-410AE5B8E75C}.Debug|Any CPU.ActiveCfg = Debug|Any CPU
		{57EACE5C-1D7F-4064-87CC-410AE5B8E75C}.Debug|Any CPU.Build.0 = Debug|Any CPU
		{57EACE5C-1D7F-4064-87CC-410AE5B8E75C}.Release|Any CPU.ActiveCfg = Release|Any CPU
		{57EACE5C-1D7F-4064-87CC-410AE5B8E75C}.Release|Any CPU.Build.0 = Release|Any CPU
	EndGlobalSection
EndGlobal
