
Microsoft Visual Studio Solution File, Format Version 12.00
# Visual Studio 15
Project("{FAE04EC0-301F-11D3-BF4B-00C04F79EFBC}") = "GCD_task", "GCD_task\GCD_task.csproj", "{463522F6-BA88-4F8C-8193-6A921B721C9C}"
EndProject
Project("{FAE04EC0-301F-11D3-BF4B-00C04F79EFBC}") = "GCD_Task.Tests", "GCD_Task.Tests\GCD_Task.Tests.csproj", "{758E679F-7C11-424F-BCC3-8CE684D3F89E}"
EndProject
Global
	GlobalSection(SolutionConfigurationPlatforms) = preSolution
		Debug|Any CPU = Debug|Any CPU
		Release|Any CPU = Release|Any CPU
	EndGlobalSection
	GlobalSection(ProjectConfigurationPlatforms) = postSolution
		{463522F6-BA88-4F8C-8193-6A921B721C9C}.Debug|Any CPU.ActiveCfg = Debug|Any CPU
		{463522F6-BA88-4F8C-8193-6A921B721C9C}.Debug|Any CPU.Build.0 = Debug|Any CPU
		{463522F6-BA88-4F8C-8193-6A921B721C9C}.Release|Any CPU.ActiveCfg = Release|Any CPU
		{463522F6-BA88-4F8C-8193-6A921B721C9C}.Release|Any CPU.Build.0 = Release|Any CPU
		{758E679F-7C11-424F-BCC3-8CE684D3F89E}.Debug|Any CPU.ActiveCfg = Debug|Any CPU
		{758E679F-7C11-424F-BCC3-8CE684D3F89E}.Debug|Any CPU.Build.0 = Debug|Any CPU
		{758E679F-7C11-424F-BCC3-8CE684D3F89E}.Release|Any CPU.ActiveCfg = Release|Any CPU
		{758E679F-7C11-424F-BCC3-8CE684D3F89E}.Release|Any CPU.Build.0 = Release|Any CPU
	EndGlobalSection
EndGlobal
