
Microsoft Visual Studio Solution File, Format Version 12.00
# Visual Studio 15
Project("{FAE04EC0-301F-11D3-BF4B-00C04F79EFBC}") = "SortingMethodsLibrary", "SortingMethods\SortingMethodsLibrary.csproj", "{5E644B95-907C-4877-A492-5D3F077E3255}"
EndProject
Project("{FAE04EC0-301F-11D3-BF4B-00C04F79EFBC}") = "SortingTest", "SortingTest\SortingTest.csproj", "{2C3ED8DD-3F60-45E6-B3F3-FAAF77B13600}"
EndProject
Global
	GlobalSection(SolutionConfigurationPlatforms) = preSolution
		Debug|Any CPU = Debug|Any CPU
		Release|Any CPU = Release|Any CPU
	EndGlobalSection
	GlobalSection(ProjectConfigurationPlatforms) = postSolution
		{5E644B95-907C-4877-A492-5D3F077E3255}.Debug|Any CPU.ActiveCfg = Debug|Any CPU
		{5E644B95-907C-4877-A492-5D3F077E3255}.Debug|Any CPU.Build.0 = Debug|Any CPU
		{5E644B95-907C-4877-A492-5D3F077E3255}.Release|Any CPU.ActiveCfg = Release|Any CPU
		{5E644B95-907C-4877-A492-5D3F077E3255}.Release|Any CPU.Build.0 = Release|Any CPU
		{2C3ED8DD-3F60-45E6-B3F3-FAAF77B13600}.Debug|Any CPU.ActiveCfg = Debug|Any CPU
		{2C3ED8DD-3F60-45E6-B3F3-FAAF77B13600}.Debug|Any CPU.Build.0 = Debug|Any CPU
		{2C3ED8DD-3F60-45E6-B3F3-FAAF77B13600}.Release|Any CPU.ActiveCfg = Release|Any CPU
		{2C3ED8DD-3F60-45E6-B3F3-FAAF77B13600}.Release|Any CPU.Build.0 = Release|Any CPU
	EndGlobalSection
EndGlobal
