
Microsoft Visual Studio Solution File, Format Version 12.00
# Visual Studio Version 16
VisualStudioVersion = 16.0.29709.97
MinimumVisualStudioVersion = 10.0.40219.1
Project("{FAE04EC0-301F-11D3-BF4B-00C04F79EFBC}") = "task1", "task1\task1.csproj", "{A42C032F-A280-4D62-841B-4DBBA5EF10F0}"
EndProject
Global
	GlobalSection(SolutionConfigurationPlatforms) = preSolution
		Debug|Any CPU = Debug|Any CPU
		Release|Any CPU = Release|Any CPU
	EndGlobalSection
	GlobalSection(ProjectConfigurationPlatforms) = postSolution
		{A42C032F-A280-4D62-841B-4DBBA5EF10F0}.Debug|Any CPU.ActiveCfg = Debug|Any CPU
		{A42C032F-A280-4D62-841B-4DBBA5EF10F0}.Debug|Any CPU.Build.0 = Debug|Any CPU
		{A42C032F-A280-4D62-841B-4DBBA5EF10F0}.Release|Any CPU.ActiveCfg = Release|Any CPU
		{A42C032F-A280-4D62-841B-4DBBA5EF10F0}.Release|Any CPU.Build.0 = Release|Any CPU
	EndGlobalSection
	GlobalSection(SolutionProperties) = preSolution
		HideSolutionNode = FALSE
	EndGlobalSection
	GlobalSection(ExtensibilityGlobals) = postSolution
		SolutionGuid = {6D04484D-30EC-4E22-87AC-194405EBA2BF}
	EndGlobalSection
EndGlobal
